
Microsoft Visual Studio Solution File, Format Version 12.00
# Visual Studio Version 17
VisualStudioVersion = 17.11.35327.3
MinimumVisualStudioVersion = 10.0.40219.1
Project("{FAE04EC0-301F-11D3-BF4B-00C04F79EFBC}") = "PlacasSolaresU8-UI", "PlacasSolaresU8-UI\PlacasSolaresU8-UI.csproj", "{7A308AE4-F5EB-4BC1-9EAC-2AD31BFFC66F}"
EndProject
Project("{FAE04EC0-301F-11D3-BF4B-00C04F79EFBC}") = "PlacasSolaresU8-ENT", "PlacasSolaresU8-ENT\PlacasSolaresU8-ENT.csproj", "{46901B88-3426-4616-8957-A4FE98983F52}"
EndProject
Project("{FAE04EC0-301F-11D3-BF4B-00C04F79EFBC}") = "PlacasSolaresU8-DAL", "PlacasSolaresU8-DAL\PlacasSolaresU8-DAL.csproj", "{436A337A-7113-4DE9-BB48-0A4B520D6CC9}"
EndProject
Global
	GlobalSection(SolutionConfigurationPlatforms) = preSolution
		Debug|Any CPU = Debug|Any CPU
		Release|Any CPU = Release|Any CPU
	EndGlobalSection
	GlobalSection(ProjectConfigurationPlatforms) = postSolution
		{7A308AE4-F5EB-4BC1-9EAC-2AD31BFFC66F}.Debug|Any CPU.ActiveCfg = Debug|Any CPU
		{7A308AE4-F5EB-4BC1-9EAC-2AD31BFFC66F}.Debug|Any CPU.Build.0 = Debug|Any CPU
		{7A308AE4-F5EB-4BC1-9EAC-2AD31BFFC66F}.Debug|Any CPU.Deploy.0 = Debug|Any CPU
		{7A308AE4-F5EB-4BC1-9EAC-2AD31BFFC66F}.Release|Any CPU.ActiveCfg = Release|Any CPU
		{7A308AE4-F5EB-4BC1-9EAC-2AD31BFFC66F}.Release|Any CPU.Build.0 = Release|Any CPU
		{7A308AE4-F5EB-4BC1-9EAC-2AD31BFFC66F}.Release|Any CPU.Deploy.0 = Release|Any CPU
		{46901B88-3426-4616-8957-A4FE98983F52}.Debug|Any CPU.ActiveCfg = Debug|Any CPU
		{46901B88-3426-4616-8957-A4FE98983F52}.Debug|Any CPU.Build.0 = Debug|Any CPU
		{46901B88-3426-4616-8957-A4FE98983F52}.Release|Any CPU.ActiveCfg = Release|Any CPU
		{46901B88-3426-4616-8957-A4FE98983F52}.Release|Any CPU.Build.0 = Release|Any CPU
		{436A337A-7113-4DE9-BB48-0A4B520D6CC9}.Debug|Any CPU.ActiveCfg = Debug|Any CPU
		{436A337A-7113-4DE9-BB48-0A4B520D6CC9}.Debug|Any CPU.Build.0 = Debug|Any CPU
		{436A337A-7113-4DE9-BB48-0A4B520D6CC9}.Release|Any CPU.ActiveCfg = Release|Any CPU
		{436A337A-7113-4DE9-BB48-0A4B520D6CC9}.Release|Any CPU.Build.0 = Release|Any CPU
	EndGlobalSection
	GlobalSection(SolutionProperties) = preSolution
		HideSolutionNode = FALSE
	EndGlobalSection
	GlobalSection(ExtensibilityGlobals) = postSolution
		SolutionGuid = {B0A6C4CD-3E9C-4CFB-9CC5-C0BEFBB33666}
	EndGlobalSection
EndGlobal
